
Microsoft Visual Studio Solution File, Format Version 12.00
# Visual Studio Version 17
VisualStudioVersion = 17.0.31521.260
MinimumVisualStudioVersion = 10.0.40219.1
Project("{9A19103F-16F7-4668-BE54-9A1E7A4F7556}") = "EFCoreDemos", "EFCoreDemos\EFCoreDemos.csproj", "{D47D2D91-8356-4B76-8E2C-79665E72C572}"
EndProject
Project("{9A19103F-16F7-4668-BE54-9A1E7A4F7556}") = "JsonDemos", "JsonDemos\JsonDemos.csproj", "{512C5E41-59F3-40DD-BF31-2DAB66DA4DB5}"
EndProject
Project("{2150E333-8FDC-42A3-9474-1A3956D46DE8}") = "TPL", "TPL", "{B5DF7112-B9FE-4721-BFEC-BE28A6DE50B7}"
EndProject
Project("{9A19103F-16F7-4668-BE54-9A1E7A4F7556}") = "TPL_Demo1", "TPL_Demo1\TPL_Demo1.csproj", "{1AAE0C4C-0DAB-4545-9899-981C58942F13}"
EndProject
Project("{9A19103F-16F7-4668-BE54-9A1E7A4F7556}") = "TPL_Demo2", "TPL_Demo2\TPL_Demo2.csproj", "{A109BB66-BE36-4403-97CD-B83D7DB82648}"
EndProject
Project("{9A19103F-16F7-4668-BE54-9A1E7A4F7556}") = "TPL_Demo3", "TPL_Demo3\TPL_Demo3.csproj", "{0FCDC756-FA1F-47ED-B4D4-858DBD295DDD}"
EndProject
Project("{2150E333-8FDC-42A3-9474-1A3956D46DE8}") = "EFCore", "EFCore", "{F2137D28-FA26-4CF4-B05F-E0A20777209B}"
EndProject
Project("{2150E333-8FDC-42A3-9474-1A3956D46DE8}") = "Json", "Json", "{14AE6E85-3148-4B74-A6BC-0C373C80313C}"
EndProject
Project("{2150E333-8FDC-42A3-9474-1A3956D46DE8}") = "Linq", "Linq", "{9E236AF1-D647-48D3-98DA-E5B832C8E250}"
EndProject
Project("{FAE04EC0-301F-11D3-BF4B-00C04F79EFBC}") = "Linq_Demo1", "Linq_Demo1\Linq_Demo1.csproj", "{7D90E4D6-9D50-4C36-ADD1-0767B6DC3681}"
EndProject
Project("{2150E333-8FDC-42A3-9474-1A3956D46DE8}") = "Net", "Net", "{A0C11D89-AFF0-47F0-8926-17CCB0AD77D0}"
EndProject
Project("{FAE04EC0-301F-11D3-BF4B-00C04F79EFBC}") = "Net_Misc_Demo", "Net_Misc_Demo\Net_Misc_Demo.csproj", "{59D20789-9CA3-4522-AF20-11F39AFA7171}"
EndProject
Project("{FAE04EC0-301F-11D3-BF4B-00C04F79EFBC}") = "TPL_Demo4", "TPL_Demo4\TPL_Demo4.csproj", "{DFEBE3AC-65D9-4237-AE89-DB1C46435DD3}"
EndProject
Project("{FAE04EC0-301F-11D3-BF4B-00C04F79EFBC}") = "TPL_Demo5", "TPL_Demo5\TPL_Demo5.csproj", "{94BF379B-F4A7-46EA-BFF2-41A50A873206}"
EndProject
Project("{FAE04EC0-301F-11D3-BF4B-00C04F79EFBC}") = "TPL_Demo6", "TPL_Demo6\TPL_Demo6.csproj", "{AF5EF9A5-3090-4015-9D90-07B495244EF8}"
EndProject
Project("{FAE04EC0-301F-11D3-BF4B-00C04F79EFBC}") = "TPL_Demo7", "TPL_Demo7\TPL_Demo7.csproj", "{945510E7-C5AE-4345-879B-7F5D8ED7E3AF}"
EndProject
Project("{FAE04EC0-301F-11D3-BF4B-00C04F79EFBC}") = "TPL_Demo8", "TPL_Demo8\TPL_Demo8.csproj", "{D6AA3F84-5942-4D27-B4B3-089F9FC2780D}"
EndProject
Global
	GlobalSection(SolutionConfigurationPlatforms) = preSolution
		Debug|Any CPU = Debug|Any CPU
		Release|Any CPU = Release|Any CPU
	EndGlobalSection
	GlobalSection(ProjectConfigurationPlatforms) = postSolution
		{D47D2D91-8356-4B76-8E2C-79665E72C572}.Debug|Any CPU.ActiveCfg = Debug|Any CPU
		{D47D2D91-8356-4B76-8E2C-79665E72C572}.Debug|Any CPU.Build.0 = Debug|Any CPU
		{D47D2D91-8356-4B76-8E2C-79665E72C572}.Release|Any CPU.ActiveCfg = Release|Any CPU
		{D47D2D91-8356-4B76-8E2C-79665E72C572}.Release|Any CPU.Build.0 = Release|Any CPU
		{512C5E41-59F3-40DD-BF31-2DAB66DA4DB5}.Debug|Any CPU.ActiveCfg = Debug|Any CPU
		{512C5E41-59F3-40DD-BF31-2DAB66DA4DB5}.Debug|Any CPU.Build.0 = Debug|Any CPU
		{512C5E41-59F3-40DD-BF31-2DAB66DA4DB5}.Release|Any CPU.ActiveCfg = Release|Any CPU
		{512C5E41-59F3-40DD-BF31-2DAB66DA4DB5}.Release|Any CPU.Build.0 = Release|Any CPU
		{1AAE0C4C-0DAB-4545-9899-981C58942F13}.Debug|Any CPU.ActiveCfg = Debug|Any CPU
		{1AAE0C4C-0DAB-4545-9899-981C58942F13}.Debug|Any CPU.Build.0 = Debug|Any CPU
		{1AAE0C4C-0DAB-4545-9899-981C58942F13}.Release|Any CPU.ActiveCfg = Release|Any CPU
		{1AAE0C4C-0DAB-4545-9899-981C58942F13}.Release|Any CPU.Build.0 = Release|Any CPU
		{A109BB66-BE36-4403-97CD-B83D7DB82648}.Debug|Any CPU.ActiveCfg = Debug|Any CPU
		{A109BB66-BE36-4403-97CD-B83D7DB82648}.Debug|Any CPU.Build.0 = Debug|Any CPU
		{A109BB66-BE36-4403-97CD-B83D7DB82648}.Release|Any CPU.ActiveCfg = Release|Any CPU
		{A109BB66-BE36-4403-97CD-B83D7DB82648}.Release|Any CPU.Build.0 = Release|Any CPU
		{0FCDC756-FA1F-47ED-B4D4-858DBD295DDD}.Debug|Any CPU.ActiveCfg = Debug|Any CPU
		{0FCDC756-FA1F-47ED-B4D4-858DBD295DDD}.Debug|Any CPU.Build.0 = Debug|Any CPU
		{0FCDC756-FA1F-47ED-B4D4-858DBD295DDD}.Release|Any CPU.ActiveCfg = Release|Any CPU
		{0FCDC756-FA1F-47ED-B4D4-858DBD295DDD}.Release|Any CPU.Build.0 = Release|Any CPU
		{7D90E4D6-9D50-4C36-ADD1-0767B6DC3681}.Debug|Any CPU.ActiveCfg = Debug|Any CPU
		{7D90E4D6-9D50-4C36-ADD1-0767B6DC3681}.Debug|Any CPU.Build.0 = Debug|Any CPU
		{7D90E4D6-9D50-4C36-ADD1-0767B6DC3681}.Release|Any CPU.ActiveCfg = Release|Any CPU
		{7D90E4D6-9D50-4C36-ADD1-0767B6DC3681}.Release|Any CPU.Build.0 = Release|Any CPU
		{59D20789-9CA3-4522-AF20-11F39AFA7171}.Debug|Any CPU.ActiveCfg = Debug|Any CPU
		{59D20789-9CA3-4522-AF20-11F39AFA7171}.Debug|Any CPU.Build.0 = Debug|Any CPU
		{59D20789-9CA3-4522-AF20-11F39AFA7171}.Release|Any CPU.ActiveCfg = Release|Any CPU
		{59D20789-9CA3-4522-AF20-11F39AFA7171}.Release|Any CPU.Build.0 = Release|Any CPU
		{DFEBE3AC-65D9-4237-AE89-DB1C46435DD3}.Debug|Any CPU.ActiveCfg = Debug|Any CPU
		{DFEBE3AC-65D9-4237-AE89-DB1C46435DD3}.Debug|Any CPU.Build.0 = Debug|Any CPU
		{DFEBE3AC-65D9-4237-AE89-DB1C46435DD3}.Release|Any CPU.ActiveCfg = Release|Any CPU
		{DFEBE3AC-65D9-4237-AE89-DB1C46435DD3}.Release|Any CPU.Build.0 = Release|Any CPU
		{94BF379B-F4A7-46EA-BFF2-41A50A873206}.Debug|Any CPU.ActiveCfg = Debug|Any CPU
		{94BF379B-F4A7-46EA-BFF2-41A50A873206}.Debug|Any CPU.Build.0 = Debug|Any CPU
		{94BF379B-F4A7-46EA-BFF2-41A50A873206}.Release|Any CPU.ActiveCfg = Release|Any CPU
		{94BF379B-F4A7-46EA-BFF2-41A50A873206}.Release|Any CPU.Build.0 = Release|Any CPU
		{AF5EF9A5-3090-4015-9D90-07B495244EF8}.Debug|Any CPU.ActiveCfg = Debug|Any CPU
		{AF5EF9A5-3090-4015-9D90-07B495244EF8}.Debug|Any CPU.Build.0 = Debug|Any CPU
		{AF5EF9A5-3090-4015-9D90-07B495244EF8}.Release|Any CPU.ActiveCfg = Release|Any CPU
		{AF5EF9A5-3090-4015-9D90-07B495244EF8}.Release|Any CPU.Build.0 = Release|Any CPU
		{945510E7-C5AE-4345-879B-7F5D8ED7E3AF}.Debug|Any CPU.ActiveCfg = Debug|Any CPU
		{945510E7-C5AE-4345-879B-7F5D8ED7E3AF}.Debug|Any CPU.Build.0 = Debug|Any CPU
		{945510E7-C5AE-4345-879B-7F5D8ED7E3AF}.Release|Any CPU.ActiveCfg = Release|Any CPU
		{945510E7-C5AE-4345-879B-7F5D8ED7E3AF}.Release|Any CPU.Build.0 = Release|Any CPU
		{D6AA3F84-5942-4D27-B4B3-089F9FC2780D}.Debug|Any CPU.ActiveCfg = Debug|Any CPU
		{D6AA3F84-5942-4D27-B4B3-089F9FC2780D}.Debug|Any CPU.Build.0 = Debug|Any CPU
		{D6AA3F84-5942-4D27-B4B3-089F9FC2780D}.Release|Any CPU.ActiveCfg = Release|Any CPU
		{D6AA3F84-5942-4D27-B4B3-089F9FC2780D}.Release|Any CPU.Build.0 = Release|Any CPU
	EndGlobalSection
	GlobalSection(SolutionProperties) = preSolution
		HideSolutionNode = FALSE
	EndGlobalSection
	GlobalSection(NestedProjects) = preSolution
		{D47D2D91-8356-4B76-8E2C-79665E72C572} = {F2137D28-FA26-4CF4-B05F-E0A20777209B}
		{512C5E41-59F3-40DD-BF31-2DAB66DA4DB5} = {14AE6E85-3148-4B74-A6BC-0C373C80313C}
		{1AAE0C4C-0DAB-4545-9899-981C58942F13} = {B5DF7112-B9FE-4721-BFEC-BE28A6DE50B7}
		{A109BB66-BE36-4403-97CD-B83D7DB82648} = {B5DF7112-B9FE-4721-BFEC-BE28A6DE50B7}
		{0FCDC756-FA1F-47ED-B4D4-858DBD295DDD} = {B5DF7112-B9FE-4721-BFEC-BE28A6DE50B7}
		{7D90E4D6-9D50-4C36-ADD1-0767B6DC3681} = {9E236AF1-D647-48D3-98DA-E5B832C8E250}
		{59D20789-9CA3-4522-AF20-11F39AFA7171} = {A0C11D89-AFF0-47F0-8926-17CCB0AD77D0}
		{DFEBE3AC-65D9-4237-AE89-DB1C46435DD3} = {B5DF7112-B9FE-4721-BFEC-BE28A6DE50B7}
		{94BF379B-F4A7-46EA-BFF2-41A50A873206} = {B5DF7112-B9FE-4721-BFEC-BE28A6DE50B7}
		{AF5EF9A5-3090-4015-9D90-07B495244EF8} = {B5DF7112-B9FE-4721-BFEC-BE28A6DE50B7}
		{945510E7-C5AE-4345-879B-7F5D8ED7E3AF} = {B5DF7112-B9FE-4721-BFEC-BE28A6DE50B7}
		{D6AA3F84-5942-4D27-B4B3-089F9FC2780D} = {B5DF7112-B9FE-4721-BFEC-BE28A6DE50B7}
	EndGlobalSection
	GlobalSection(ExtensibilityGlobals) = postSolution
		SolutionGuid = {1AF527C7-F9EF-4486-83BC-7963C6AC72FB}
	EndGlobalSection
EndGlobal
